
Microsoft Visual Studio Solution File, Format Version 12.00
# Visual Studio Version 17
VisualStudioVersion = 17.5.001.0
MinimumVisualStudioVersion = 10.0.40219.1
Project("{9A19103F-16F7-4668-BE54-9A1E7A4F7556}") = "JwtAuthenticationManager", "JwtAuthenticationManager\JwtAuthenticationManager.csproj", "{FB7DD84B-9FA1-4430-90E6-C740F00B9227}"
EndProject
Project("{9A19103F-16F7-4668-BE54-9A1E7A4F7556}") = "SharedModels", "SharedModels\SharedModels.csproj", "{58BD508F-D2AD-46F1-A21F-0782F31CA4BC}"
EndProject
Project("{2150E333-8FDC-42A3-9474-1A3956D46DE8}") = "src", "src", "{11835742-62CD-4F79-9031-5A16E2BA8175}"
EndProject
Project("{9A19103F-16F7-4668-BE54-9A1E7A4F7556}") = "ApiGateway", "src\ApiGateway\ApiGateway.csproj", "{280CC78E-4773-4E64-83D3-4F3AD5F3CA7C}"
EndProject
Project("{9A19103F-16F7-4668-BE54-9A1E7A4F7556}") = "Events.API", "src\Events.API\Events.API.csproj", "{BAA098F3-BC21-4DA3-AC95-BE561DB076BD}"
EndProject
Project("{9A19103F-16F7-4668-BE54-9A1E7A4F7556}") = "General.API", "src\General.API\General.API.csproj", "{F53C0380-389E-4E90-BBBA-56FBEA6ADFEE}"
EndProject
Project("{9A19103F-16F7-4668-BE54-9A1E7A4F7556}") = "Products.API", "src\Products.API\Products.API.csproj", "{2F8DFBAE-7DCF-4B5E-A564-E6037F0EA0AD}"
EndProject
Project("{9A19103F-16F7-4668-BE54-9A1E7A4F7556}") = "Sales.API", "src\Sales.API\Sales.API.csproj", "{6A3EBFBD-48E6-4AEA-AACB-5510CD250713}"
EndProject
Project("{9A19103F-16F7-4668-BE54-9A1E7A4F7556}") = "Users.API", "src\Users.API\Users.API.csproj", "{109BBD08-69F6-42B9-BFAC-AEC6ABAAFBDD}"
EndProject
Global
	GlobalSection(SolutionConfigurationPlatforms) = preSolution
		Debug|Any CPU = Debug|Any CPU
		Release|Any CPU = Release|Any CPU
	EndGlobalSection
	GlobalSection(ProjectConfigurationPlatforms) = postSolution
		{FB7DD84B-9FA1-4430-90E6-C740F00B9227}.Debug|Any CPU.ActiveCfg = Debug|Any CPU
		{FB7DD84B-9FA1-4430-90E6-C740F00B9227}.Debug|Any CPU.Build.0 = Debug|Any CPU
		{FB7DD84B-9FA1-4430-90E6-C740F00B9227}.Release|Any CPU.ActiveCfg = Release|Any CPU
		{FB7DD84B-9FA1-4430-90E6-C740F00B9227}.Release|Any CPU.Build.0 = Release|Any CPU
		{58BD508F-D2AD-46F1-A21F-0782F31CA4BC}.Debug|Any CPU.ActiveCfg = Debug|Any CPU
		{58BD508F-D2AD-46F1-A21F-0782F31CA4BC}.Debug|Any CPU.Build.0 = Debug|Any CPU
		{58BD508F-D2AD-46F1-A21F-0782F31CA4BC}.Release|Any CPU.ActiveCfg = Release|Any CPU
		{58BD508F-D2AD-46F1-A21F-0782F31CA4BC}.Release|Any CPU.Build.0 = Release|Any CPU
		{280CC78E-4773-4E64-83D3-4F3AD5F3CA7C}.Debug|Any CPU.ActiveCfg = Debug|Any CPU
		{280CC78E-4773-4E64-83D3-4F3AD5F3CA7C}.Debug|Any CPU.Build.0 = Debug|Any CPU
		{280CC78E-4773-4E64-83D3-4F3AD5F3CA7C}.Release|Any CPU.ActiveCfg = Release|Any CPU
		{280CC78E-4773-4E64-83D3-4F3AD5F3CA7C}.Release|Any CPU.Build.0 = Release|Any CPU
		{BAA098F3-BC21-4DA3-AC95-BE561DB076BD}.Debug|Any CPU.ActiveCfg = Debug|Any CPU
		{BAA098F3-BC21-4DA3-AC95-BE561DB076BD}.Debug|Any CPU.Build.0 = Debug|Any CPU
		{BAA098F3-BC21-4DA3-AC95-BE561DB076BD}.Release|Any CPU.ActiveCfg = Release|Any CPU
		{BAA098F3-BC21-4DA3-AC95-BE561DB076BD}.Release|Any CPU.Build.0 = Release|Any CPU
		{F53C0380-389E-4E90-BBBA-56FBEA6ADFEE}.Debug|Any CPU.ActiveCfg = Debug|Any CPU
		{F53C0380-389E-4E90-BBBA-56FBEA6ADFEE}.Debug|Any CPU.Build.0 = Debug|Any CPU
		{F53C0380-389E-4E90-BBBA-56FBEA6ADFEE}.Release|Any CPU.ActiveCfg = Release|Any CPU
		{F53C0380-389E-4E90-BBBA-56FBEA6ADFEE}.Release|Any CPU.Build.0 = Release|Any CPU
		{2F8DFBAE-7DCF-4B5E-A564-E6037F0EA0AD}.Debug|Any CPU.ActiveCfg = Debug|Any CPU
		{2F8DFBAE-7DCF-4B5E-A564-E6037F0EA0AD}.Debug|Any CPU.Build.0 = Debug|Any CPU
		{2F8DFBAE-7DCF-4B5E-A564-E6037F0EA0AD}.Release|Any CPU.ActiveCfg = Release|Any CPU
		{2F8DFBAE-7DCF-4B5E-A564-E6037F0EA0AD}.Release|Any CPU.Build.0 = Release|Any CPU
		{6A3EBFBD-48E6-4AEA-AACB-5510CD250713}.Debug|Any CPU.ActiveCfg = Debug|Any CPU
		{6A3EBFBD-48E6-4AEA-AACB-5510CD250713}.Debug|Any CPU.Build.0 = Debug|Any CPU
		{6A3EBFBD-48E6-4AEA-AACB-5510CD250713}.Release|Any CPU.ActiveCfg = Release|Any CPU
		{6A3EBFBD-48E6-4AEA-AACB-5510CD250713}.Release|Any CPU.Build.0 = Release|Any CPU
		{109BBD08-69F6-42B9-BFAC-AEC6ABAAFBDD}.Debug|Any CPU.ActiveCfg = Debug|Any CPU
		{109BBD08-69F6-42B9-BFAC-AEC6ABAAFBDD}.Debug|Any CPU.Build.0 = Debug|Any CPU
		{109BBD08-69F6-42B9-BFAC-AEC6ABAAFBDD}.Release|Any CPU.ActiveCfg = Release|Any CPU
		{109BBD08-69F6-42B9-BFAC-AEC6ABAAFBDD}.Release|Any CPU.Build.0 = Release|Any CPU
	EndGlobalSection
	GlobalSection(SolutionProperties) = preSolution
		HideSolutionNode = FALSE
	EndGlobalSection
	GlobalSection(NestedProjects) = preSolution
		{280CC78E-4773-4E64-83D3-4F3AD5F3CA7C} = {11835742-62CD-4F79-9031-5A16E2BA8175}
		{BAA098F3-BC21-4DA3-AC95-BE561DB076BD} = {11835742-62CD-4F79-9031-5A16E2BA8175}
		{F53C0380-389E-4E90-BBBA-56FBEA6ADFEE} = {11835742-62CD-4F79-9031-5A16E2BA8175}
		{2F8DFBAE-7DCF-4B5E-A564-E6037F0EA0AD} = {11835742-62CD-4F79-9031-5A16E2BA8175}
		{6A3EBFBD-48E6-4AEA-AACB-5510CD250713} = {11835742-62CD-4F79-9031-5A16E2BA8175}
		{109BBD08-69F6-42B9-BFAC-AEC6ABAAFBDD} = {11835742-62CD-4F79-9031-5A16E2BA8175}
	EndGlobalSection
	GlobalSection(ExtensibilityGlobals) = postSolution
		SolutionGuid = {9FAC80D6-72F6-4172-B73F-2A4D597470D4}
	EndGlobalSection
EndGlobal
